
Microsoft Visual Studio Solution File, Format Version 12.00
# Visual Studio Version 17
VisualStudioVersion = 17.0.31912.275
MinimumVisualStudioVersion = 10.0.40219.1
Project("{FAE04EC0-301F-11D3-BF4B-00C04F79EFBC}") = "Assignment4_dt071g.Android", "Assignment4_dt071g\Assignment4_dt071g.Android\Assignment4_dt071g.Android.csproj", "{6AE4AD40-156A-4573-98E9-A21048FEBE5F}"
EndProject
Project("{FAE04EC0-301F-11D3-BF4B-00C04F79EFBC}") = "Assignment4_dt071g.iOS", "Assignment4_dt071g\Assignment4_dt071g.iOS\Assignment4_dt071g.iOS.csproj", "{5414F20F-2DF2-442C-BFEE-40FE866B9909}"
EndProject
Project("{FAE04EC0-301F-11D3-BF4B-00C04F79EFBC}") = "Assignment4_dt071g", "Assignment4_dt071g\Assignment4_dt071g\Assignment4_dt071g.csproj", "{84ECC546-A39E-4AAC-A4C7-389824788E8C}"
EndProject
Global
	GlobalSection(SolutionConfigurationPlatforms) = preSolution
		Debug|Any CPU = Debug|Any CPU
		Debug|iPhone = Debug|iPhone
		Debug|iPhoneSimulator = Debug|iPhoneSimulator
		Release|Any CPU = Release|Any CPU
		Release|iPhone = Release|iPhone
		Release|iPhoneSimulator = Release|iPhoneSimulator
	EndGlobalSection
	GlobalSection(ProjectConfigurationPlatforms) = postSolution
		{6AE4AD40-156A-4573-98E9-A21048FEBE5F}.Debug|Any CPU.ActiveCfg = Debug|Any CPU
		{6AE4AD40-156A-4573-98E9-A21048FEBE5F}.Debug|Any CPU.Build.0 = Debug|Any CPU
		{6AE4AD40-156A-4573-98E9-A21048FEBE5F}.Debug|Any CPU.Deploy.0 = Debug|Any CPU
		{6AE4AD40-156A-4573-98E9-A21048FEBE5F}.Debug|iPhone.ActiveCfg = Debug|Any CPU
		{6AE4AD40-156A-4573-98E9-A21048FEBE5F}.Debug|iPhone.Build.0 = Debug|Any CPU
		{6AE4AD40-156A-4573-98E9-A21048FEBE5F}.Debug|iPhone.Deploy.0 = Debug|Any CPU
		{6AE4AD40-156A-4573-98E9-A21048FEBE5F}.Debug|iPhoneSimulator.ActiveCfg = Debug|Any CPU
		{6AE4AD40-156A-4573-98E9-A21048FEBE5F}.Debug|iPhoneSimulator.Build.0 = Debug|Any CPU
		{6AE4AD40-156A-4573-98E9-A21048FEBE5F}.Debug|iPhoneSimulator.Deploy.0 = Debug|Any CPU
		{6AE4AD40-156A-4573-98E9-A21048FEBE5F}.Release|Any CPU.ActiveCfg = Release|Any CPU
		{6AE4AD40-156A-4573-98E9-A21048FEBE5F}.Release|Any CPU.Build.0 = Release|Any CPU
		{6AE4AD40-156A-4573-98E9-A21048FEBE5F}.Release|Any CPU.Deploy.0 = Release|Any CPU
		{6AE4AD40-156A-4573-98E9-A21048FEBE5F}.Release|iPhone.ActiveCfg = Release|Any CPU
		{6AE4AD40-156A-4573-98E9-A21048FEBE5F}.Release|iPhone.Build.0 = Release|Any CPU
		{6AE4AD40-156A-4573-98E9-A21048FEBE5F}.Release|iPhone.Deploy.0 = Release|Any CPU
		{6AE4AD40-156A-4573-98E9-A21048FEBE5F}.Release|iPhoneSimulator.ActiveCfg = Release|Any CPU
		{6AE4AD40-156A-4573-98E9-A21048FEBE5F}.Release|iPhoneSimulator.Build.0 = Release|Any CPU
		{6AE4AD40-156A-4573-98E9-A21048FEBE5F}.Release|iPhoneSimulator.Deploy.0 = Release|Any CPU
		{5414F20F-2DF2-442C-BFEE-40FE866B9909}.Debug|Any CPU.ActiveCfg = Debug|iPhone
		{5414F20F-2DF2-442C-BFEE-40FE866B9909}.Debug|Any CPU.Build.0 = Debug|iPhone
		{5414F20F-2DF2-442C-BFEE-40FE866B9909}.Debug|Any CPU.Deploy.0 = Debug|iPhone
		{5414F20F-2DF2-442C-BFEE-40FE866B9909}.Debug|iPhone.ActiveCfg = Debug|iPhone
		{5414F20F-2DF2-442C-BFEE-40FE866B9909}.Debug|iPhone.Build.0 = Debug|iPhone
		{5414F20F-2DF2-442C-BFEE-40FE866B9909}.Debug|iPhone.Deploy.0 = Debug|iPhone
		{5414F20F-2DF2-442C-BFEE-40FE866B9909}.Debug|iPhoneSimulator.ActiveCfg = Debug|iPhoneSimulator
		{5414F20F-2DF2-442C-BFEE-40FE866B9909}.Debug|iPhoneSimulator.Build.0 = Debug|iPhoneSimulator
		{5414F20F-2DF2-442C-BFEE-40FE866B9909}.Debug|iPhoneSimulator.Deploy.0 = Debug|iPhoneSimulator
		{5414F20F-2DF2-442C-BFEE-40FE866B9909}.Release|Any CPU.ActiveCfg = Release|iPhoneSimulator
		{5414F20F-2DF2-442C-BFEE-40FE866B9909}.Release|Any CPU.Build.0 = Release|iPhoneSimulator
		{5414F20F-2DF2-442C-BFEE-40FE866B9909}.Release|Any CPU.Deploy.0 = Release|iPhoneSimulator
		{5414F20F-2DF2-442C-BFEE-40FE866B9909}.Release|iPhone.ActiveCfg = Release|iPhone
		{5414F20F-2DF2-442C-BFEE-40FE866B9909}.Release|iPhone.Build.0 = Release|iPhone
		{5414F20F-2DF2-442C-BFEE-40FE866B9909}.Release|iPhone.Deploy.0 = Release|iPhone
		{5414F20F-2DF2-442C-BFEE-40FE866B9909}.Release|iPhoneSimulator.ActiveCfg = Release|iPhoneSimulator
		{5414F20F-2DF2-442C-BFEE-40FE866B9909}.Release|iPhoneSimulator.Build.0 = Release|iPhoneSimulator
		{5414F20F-2DF2-442C-BFEE-40FE866B9909}.Release|iPhoneSimulator.Deploy.0 = Release|iPhoneSimulator
		{84ECC546-A39E-4AAC-A4C7-389824788E8C}.Debug|Any CPU.ActiveCfg = Debug|Any CPU
		{84ECC546-A39E-4AAC-A4C7-389824788E8C}.Debug|Any CPU.Build.0 = Debug|Any CPU
		{84ECC546-A39E-4AAC-A4C7-389824788E8C}.Debug|Any CPU.Deploy.0 = Debug|Any CPU
		{84ECC546-A39E-4AAC-A4C7-389824788E8C}.Debug|iPhone.ActiveCfg = Debug|Any CPU
		{84ECC546-A39E-4AAC-A4C7-389824788E8C}.Debug|iPhone.Build.0 = Debug|Any CPU
		{84ECC546-A39E-4AAC-A4C7-389824788E8C}.Debug|iPhone.Deploy.0 = Debug|Any CPU
		{84ECC546-A39E-4AAC-A4C7-389824788E8C}.Debug|iPhoneSimulator.ActiveCfg = Debug|Any CPU
		{84ECC546-A39E-4AAC-A4C7-389824788E8C}.Debug|iPhoneSimulator.Build.0 = Debug|Any CPU
		{84ECC546-A39E-4AAC-A4C7-389824788E8C}.Debug|iPhoneSimulator.Deploy.0 = Debug|Any CPU
		{84ECC546-A39E-4AAC-A4C7-389824788E8C}.Release|Any CPU.ActiveCfg = Release|Any CPU
		{84ECC546-A39E-4AAC-A4C7-389824788E8C}.Release|Any CPU.Build.0 = Release|Any CPU
		{84ECC546-A39E-4AAC-A4C7-389824788E8C}.Release|Any CPU.Deploy.0 = Release|Any CPU
		{84ECC546-A39E-4AAC-A4C7-389824788E8C}.Release|iPhone.ActiveCfg = Release|Any CPU
		{84ECC546-A39E-4AAC-A4C7-389824788E8C}.Release|iPhone.Build.0 = Release|Any CPU
		{84ECC546-A39E-4AAC-A4C7-389824788E8C}.Release|iPhone.Deploy.0 = Release|Any CPU
		{84ECC546-A39E-4AAC-A4C7-389824788E8C}.Release|iPhoneSimulator.ActiveCfg = Release|Any CPU
		{84ECC546-A39E-4AAC-A4C7-389824788E8C}.Release|iPhoneSimulator.Build.0 = Release|Any CPU
		{84ECC546-A39E-4AAC-A4C7-389824788E8C}.Release|iPhoneSimulator.Deploy.0 = Release|Any CPU
	EndGlobalSection
	GlobalSection(SolutionProperties) = preSolution
		HideSolutionNode = FALSE
	EndGlobalSection
	GlobalSection(ExtensibilityGlobals) = postSolution
		SolutionGuid = {35591FA1-8991-40F0-9D49-60984A2412FE}
	EndGlobalSection
EndGlobal
